
Microsoft Visual Studio Solution File, Format Version 12.00
# Visual Studio 15
VisualStudioVersion = 15.0.28010.2048
MinimumVisualStudioVersion = 10.0.40219.1
Project("{FAE04EC0-301F-11D3-BF4B-00C04F79EFBC}") = "IC.DotNet.Interview.Core", "IC.DotNet.Interview.Core\IC.DotNet.Interview.Core.csproj", "{32E96EA8-9D87-45CF-BB5D-0680212C1ECA}"
EndProject
Project("{FAE04EC0-301F-11D3-BF4B-00C04F79EFBC}") = "IC.DotNet.Interview.Logic", "IC.DotNet.Interview.Logic\IC.DotNet.Interview.Logic.csproj", "{9B6EB225-9BA0-452D-B2AC-FDFA4F418E89}"
EndProject
Project("{FAE04EC0-301F-11D3-BF4B-00C04F79EFBC}") = "IC.DotNet.Interview.Web", "IC.DotNet.Interview.Web\IC.DotNet.Interview.Web.csproj", "{4C76EF96-9C42-430C-BECF-9CCA27A38DB2}"
EndProject
Global
	GlobalSection(SolutionConfigurationPlatforms) = preSolution
		Debug|Any CPU = Debug|Any CPU
		Release|Any CPU = Release|Any CPU
	EndGlobalSection
	GlobalSection(ProjectConfigurationPlatforms) = postSolution
		{32E96EA8-9D87-45CF-BB5D-0680212C1ECA}.Debug|Any CPU.ActiveCfg = Debug|Any CPU
		{32E96EA8-9D87-45CF-BB5D-0680212C1ECA}.Debug|Any CPU.Build.0 = Debug|Any CPU
		{32E96EA8-9D87-45CF-BB5D-0680212C1ECA}.Release|Any CPU.ActiveCfg = Release|Any CPU
		{32E96EA8-9D87-45CF-BB5D-0680212C1ECA}.Release|Any CPU.Build.0 = Release|Any CPU
		{9B6EB225-9BA0-452D-B2AC-FDFA4F418E89}.Debug|Any CPU.ActiveCfg = Debug|Any CPU
		{9B6EB225-9BA0-452D-B2AC-FDFA4F418E89}.Debug|Any CPU.Build.0 = Debug|Any CPU
		{9B6EB225-9BA0-452D-B2AC-FDFA4F418E89}.Release|Any CPU.ActiveCfg = Release|Any CPU
		{9B6EB225-9BA0-452D-B2AC-FDFA4F418E89}.Release|Any CPU.Build.0 = Release|Any CPU
		{4C76EF96-9C42-430C-BECF-9CCA27A38DB2}.Debug|Any CPU.ActiveCfg = Debug|Any CPU
		{4C76EF96-9C42-430C-BECF-9CCA27A38DB2}.Debug|Any CPU.Build.0 = Debug|Any CPU
		{4C76EF96-9C42-430C-BECF-9CCA27A38DB2}.Release|Any CPU.ActiveCfg = Release|Any CPU
		{4C76EF96-9C42-430C-BECF-9CCA27A38DB2}.Release|Any CPU.Build.0 = Release|Any CPU
	EndGlobalSection
	GlobalSection(SolutionProperties) = preSolution
		HideSolutionNode = FALSE
	EndGlobalSection
	GlobalSection(ExtensibilityGlobals) = postSolution
		SolutionGuid = {03E1E1EA-A4F5-4DF5-9436-6077CD3E8AE7}
	EndGlobalSection
EndGlobal
